# THIS IS AN AUTOGENERATED FILE. DO NOT EDIT THIS FILE DIRECTLY.
# yarn lockfile v1


"@phenomnomnominal/tsquery@^3.0.0":
  version "3.0.0"
  resolved "https://registry.yarnpkg.com/@phenomnomnominal/tsquery/-/tsquery-3.0.0.tgz#6f2f4dbf6304ff52b12cc7a5b979f20c3794a22a"
  integrity sha512-SW8lKitBHWJ9fAYkJ9kJivuctwNYCh3BUxLdH0+XiR1GPBiu+7qiZzh8p8jqlj1LgVC1TbvfNFroaEsmYlL8Iw==
  dependencies:
    esquery "^1.0.1"

doctrine@0.7.2:
  version "0.7.2"
  resolved "https://registry.yarnpkg.com/doctrine/-/doctrine-0.7.2.tgz#7cb860359ba3be90e040b26b729ce4bfa654c523"
  integrity sha1-fLhgNZujvpDgQLJrcpzkv6ZUxSM=
  dependencies:
    esutils "^1.1.6"
    isarray "0.0.1"

esquery@^1.0.1:
  version "1.0.1"
  resolved "https://registry.yarnpkg.com/esquery/-/esquery-1.0.1.tgz#406c51658b1f5991a5f9b62b1dc25b00e3e5c708"
  integrity sha512-SmiyZ5zIWH9VM+SRUReLS5Q8a7GxtRdxEBVZpm98rJM7Sb+A9DVCndXfkeFUd3byderg+EbDkfnevfCwynWaNA==
  dependencies:
    estraverse "^4.0.0"

estraverse@^4.0.0:
  version "4.2.0"
  resolved "https://registry.yarnpkg.com/estraverse/-/estraverse-4.2.0.tgz#0dee3fed31fcd469618ce7342099fc1afa0bdb13"
  integrity sha1-De4/7TH81GlhjOc0IJn8GvoL2xM=

esutils@^1.1.6:
  version "1.1.6"
  resolved "https://registry.yarnpkg.com/esutils/-/esutils-1.1.6.tgz#c01ccaa9ae4b897c6d0c3e210ae52f3c7a844375"
  integrity sha1-wBzKqa5LiXxtDD4hCuUvPHqEQ3U=

isarray@0.0.1:
  version "0.0.1"
  resolved "https://registry.yarnpkg.com/isarray/-/isarray-0.0.1.tgz#8a18acfca9a8f4177e09abfc6038939b05d1eedf"
  integrity sha1-ihis/Kmo9Bd+Cav8YDiTmwXR7t8=

tslib@1.9.0:
  version "1.9.0"
  resolved "https://registry.yarnpkg.com/tslib/-/tslib-1.9.0.tgz#e37a86fda8cbbaf23a057f473c9f4dc64e5fc2e8"
  integrity sha512-f/qGG2tUkrISBlQZEjEqoZ3B2+npJjIf04H1wuAv9iA8i04Icp+61KRXxFdha22670NJopsZCIjhC3SnjPRKrQ==

tslib@^1.8.0, tslib@^1.8.1:
  version "1.9.3"
  resolved "https://registry.yarnpkg.com/tslib/-/tslib-1.9.3.tgz#d7e4dd79245d85428c4d7e4822a79917954ca286"
  integrity sha512-4krF8scpejhaOgqzBEcGM7yDIEfi0/8+8zDRZhNZZ2kjmHJ4hv3zCbQWxoJGz1iw5U0Jl0nma13xzHXcncMavQ==

tslint-config-prettier@1.17.0:
  version "1.17.0"
  resolved "https://registry.yarnpkg.com/tslint-config-prettier/-/tslint-config-prettier-1.17.0.tgz#946ed6117f98f3659a65848279156d87628c33dc"
  integrity sha512-NKWNkThwqE4Snn4Cm6SZB7lV5RMDDFsBwz6fWUkTxOKGjMx8ycOHnjIbhn7dZd5XmssW3CwqUjlANR6EhP9YQw==

tslint-config-standard@8.0.1:
  version "8.0.1"
  resolved "https://registry.yarnpkg.com/tslint-config-standard/-/tslint-config-standard-8.0.1.tgz#e4dd3128e84b0e34b51990b68715a641f2b417e4"
  integrity sha512-OWG+NblgjQlVuUS/Dmq3ax2v5QDZwRx4L0kEuDi7qFY9UI6RJhhNfoCV1qI4el8Fw1c5a5BTrjQJP0/jhGXY/Q==
  dependencies:
    tslint-eslint-rules "^5.3.1"

tslint-eslint-rules@^5.3.1:
  version "5.4.0"
  resolved "https://registry.yarnpkg.com/tslint-eslint-rules/-/tslint-eslint-rules-5.4.0.tgz#e488cc9181bf193fe5cd7bfca213a7695f1737b5"
  integrity sha512-WlSXE+J2vY/VPgIcqQuijMQiel+UtmXS+4nvK4ZzlDiqBfXse8FAvkNnTcYhnQyOTW5KFM+uRRGXxYhFpuBc6w==
  dependencies:
    doctrine "0.7.2"
    tslib "1.9.0"
    tsutils "^3.0.0"

tslint-etc@1.2.9:
  version "1.2.9"
  resolved "https://registry.yarnpkg.com/tslint-etc/-/tslint-etc-1.2.9.tgz#9d65752623811c9535ef866a337f0d55dc2d7b4f"
  integrity sha512-udn24mt5/Mdg7Sw8uxU7B0dyMbGb30IA7v/F+DNH0uvXo+dLbTF7QKMhRV79q//ziy2Z1WvG9g1k6wb5lx0opw==
  dependencies:
    "@phenomnomnominal/tsquery" "^3.0.0"
    tslib "^1.8.0"
    tsutils "^3.0.0"

tslint-react@3.6.0:
  version "3.6.0"
  resolved "https://registry.yarnpkg.com/tslint-react/-/tslint-react-3.6.0.tgz#7f462c95c4a0afaae82507f06517ff02942196a1"
  integrity sha512-AIv1QcsSnj7e9pFir6cJ6vIncTqxfqeFF3Lzh8SuuBljueYzEAtByuB6zMaD27BL0xhMEqsZ9s5eHuCONydjBw==
  dependencies:
    tsutils "^2.13.1"

tsutils@^2.13.1:
  version "2.29.0"
  resolved "https://registry.yarnpkg.com/tsutils/-/tsutils-2.29.0.tgz#32b488501467acbedd4b85498673a0812aca0b99"
  integrity sha512-g5JVHCIJwzfISaXpXE1qvNalca5Jwob6FjI4AoPlqMusJ6ftFE7IkkFoMhVLRgK+4Kx3gkzb8UZK5t5yTTvEmA==
  dependencies:
    tslib "^1.8.1"

tsutils@^3.0.0:
  version "3.5.2"
  resolved "https://registry.yarnpkg.com/tsutils/-/tsutils-3.5.2.tgz#6fd3c2d5a731e83bb21b070a173ec0faf3a8f6d3"
  integrity sha512-qIlklNuI/1Dzfm+G+kJV5gg3gimZIX5haYtIVQe7qGyKd7eu8T1t1DY6pz4Sc2CGXAj9s1izycctm9Zfl9sRuQ==
  dependencies:
    tslib "^1.8.1"
